
Microsoft Visual Studio Solution File, Format Version 12.00
# Visual Studio Version 17
VisualStudioVersion = 17.3.32825.248
MinimumVisualStudioVersion = 10.0.40219.1
Project("{FAE04EC0-301F-11D3-BF4B-00C04F79EFBC}") = "POO22B_MZJA", "POO22B_MZJA.csproj", "{FC503C1E-E5AB-4470-80E1-82347E150BE7}"
EndProject
Global
	GlobalSection(SolutionConfigurationPlatforms) = preSolution
		Debug|Any CPU = Debug|Any CPU
		Release|Any CPU = Release|Any CPU
	EndGlobalSection
	GlobalSection(ProjectConfigurationPlatforms) = postSolution
		{FC503C1E-E5AB-4470-80E1-82347E150BE7}.Debug|Any CPU.ActiveCfg = Debug|Any CPU
		{FC503C1E-E5AB-4470-80E1-82347E150BE7}.Debug|Any CPU.Build.0 = Debug|Any CPU
		{FC503C1E-E5AB-4470-80E1-82347E150BE7}.Release|Any CPU.ActiveCfg = Release|Any CPU
		{FC503C1E-E5AB-4470-80E1-82347E150BE7}.Release|Any CPU.Build.0 = Release|Any CPU
	EndGlobalSection
	GlobalSection(SolutionProperties) = preSolution
		HideSolutionNode = FALSE
	EndGlobalSection
	GlobalSection(ExtensibilityGlobals) = postSolution
		SolutionGuid = {ED0E5D8A-36D5-43DE-8136-B85A33ED9B31}
	EndGlobalSection
EndGlobal
